# THIS IS AN AUTOGENERATED FILE. DO NOT EDIT THIS FILE DIRECTLY.
# yarn lockfile v1


"@popperjs/core@^2.9.2":
  version "2.9.2"
  resolved "https://registry.yarnpkg.com/@popperjs/core/-/core-2.9.2.tgz#adea7b6953cbb34651766b0548468e743c6a2353"
  integrity sha512-VZMYa7+fXHdwIq1TDhSXoVmSPEGM/aa+6Aiq3nVVJ9bXr24zScr+NlKFKC3iPljA7ho/GAZr+d2jOf5GIRC30Q==

"@syncfusion/ej2-base@~19.2.44":
  version "19.2.44"
  resolved "https://registry.yarnpkg.com/@syncfusion/ej2-base/-/ej2-base-19.2.44.tgz#040b848ef6e54165745a535802cd135359cc7452"
  integrity sha512-tDk1MKvbTcErY/Byq178o93ti9YI1g9g5Vd4YGqyO26ZwMRy88JD0I274KIWhWHZUbMiAY8c8VnB30TjB8zljg==
  dependencies:
    "@syncfusion/ej2-icons" "~19.2.44"

"@syncfusion/ej2-buttons@~19.2.44", "@syncfusion/ej2-buttons@~19.2.46":
  version "19.2.46"
  resolved "https://registry.yarnpkg.com/@syncfusion/ej2-buttons/-/ej2-buttons-19.2.46.tgz#dc66ecc741bb0271695daf63fda30023ad03df47"
  integrity sha512-34Zb3jbBiwcs2c25EGfG27bxHgu+wwGWgtLDr5A4JzNYbCgx/5mkt0Iu/x7ZQwmQUHSI7LtxcoPH9EOGjAj+lA==
  dependencies:
    "@syncfusion/ej2-base" "~19.2.44"

"@syncfusion/ej2-calendars@19.2.46":
  version "19.2.46"
  resolved "https://registry.yarnpkg.com/@syncfusion/ej2-calendars/-/ej2-calendars-19.2.46.tgz#08936b93f2d5b097ca78fffc7f681313722097bf"
  integrity sha512-auId4QmljALa1JMzsFgxuyd00YZBakne9d4TynW5xtx84eiUyHkq1ORaRwqbmLLuQPLor2wJEE+PIzlHmHW/jQ==
  dependencies:
    "@syncfusion/ej2-base" "~19.2.44"
    "@syncfusion/ej2-buttons" "~19.2.46"
    "@syncfusion/ej2-inputs" "~19.2.46"
    "@syncfusion/ej2-lists" "~19.2.44"
    "@syncfusion/ej2-popups" "~19.2.46"

"@syncfusion/ej2-data@~19.2.44":
  version "19.2.44"
  resolved "https://registry.yarnpkg.com/@syncfusion/ej2-data/-/ej2-data-19.2.44.tgz#9c5d2874e04bee6d5763d3919ef14b9e6862673d"
  integrity sha512-Cnw7RqqzaBKKV37CHpeJj/BGUO5enPqoiJilUfhBrVWTJXDwXn1Pncb5A0rERTaFjhPw69aSIi1HH2/wdxqhUw==
  dependencies:
    "@syncfusion/ej2-base" "~19.2.44"

"@syncfusion/ej2-icons@~19.2.44":
  version "19.2.44"
  resolved "https://registry.yarnpkg.com/@syncfusion/ej2-icons/-/ej2-icons-19.2.44.tgz#e1d752bf1326eb6e3ebcad75f3c728a4d5cf550d"
  integrity sha512-FXOQ6L90aLgn9ab6hUlX4TG01ztqy974DqxF/8JCIkT+V0BBbDdcQ/un5+j71elXtH5EpNYA6WjnVLiisuoZoA==

"@syncfusion/ej2-inputs@~19.2.46":
  version "19.2.46"
  resolved "https://registry.yarnpkg.com/@syncfusion/ej2-inputs/-/ej2-inputs-19.2.46.tgz#4ed3c2f8e54023f29d34471b8151c832d6d7ace3"
  integrity sha512-Nnsi21RsRysRiYQAyKmRyYMZa2ljay2M+NJJmNKv0fmyURuXMqqYlDt73ge02zYDIA3Zz1UWnAj17gT7Uy12RQ==
  dependencies:
    "@syncfusion/ej2-base" "~19.2.44"
    "@syncfusion/ej2-buttons" "~19.2.46"
    "@syncfusion/ej2-popups" "~19.2.46"
    "@syncfusion/ej2-splitbuttons" "~19.2.44"

"@syncfusion/ej2-lists@~19.2.44":
  version "19.2.44"
  resolved "https://registry.yarnpkg.com/@syncfusion/ej2-lists/-/ej2-lists-19.2.44.tgz#2a5d84749609d285311bff5c4eb95fc09ea8321c"
  integrity sha512-EBLEWo5RTvoisP1U6MRSSAvSS1WxfZ/meg+fzTA2sOrkY1KYkmcY1sq7HBswZc8vRbMHPUZA5nNr3/5Dp+y3WQ==
  dependencies:
    "@syncfusion/ej2-base" "~19.2.44"
    "@syncfusion/ej2-buttons" "~19.2.44"
    "@syncfusion/ej2-data" "~19.2.44"

"@syncfusion/ej2-popups@~19.2.44", "@syncfusion/ej2-popups@~19.2.46":
  version "19.2.46"
  resolved "https://registry.yarnpkg.com/@syncfusion/ej2-popups/-/ej2-popups-19.2.46.tgz#ff2b741d8afe47fb7a3a4f5b3ebde2864016184e"
  integrity sha512-yAmGlY64qS/kxC4nral765D+k7WmVHnq+3ttjRtN9IQCxW2PmJizf95X/jSJjaKYX7YpGKR8da6YBBwL5pknpQ==
  dependencies:
    "@syncfusion/ej2-base" "~19.2.44"
    "@syncfusion/ej2-buttons" "~19.2.46"

"@syncfusion/ej2-react-base@~19.2.44":
  version "19.2.44"
  resolved "https://registry.yarnpkg.com/@syncfusion/ej2-react-base/-/ej2-react-base-19.2.44.tgz#ea636ab5824ba3189f4583e354a304ae7cf5e9b5"
  integrity sha512-RhE7K6LZzqb3fONz1LGcy/l8K1QFFeL6galnJ/EFZcd8lKdF39PIPojB6OzxQuvfl2hjjHYT9gAkgfXAXHmomw==
  dependencies:
    "@syncfusion/ej2-base" "~19.2.44"

"@syncfusion/ej2-react-calendars@^19.2.46":
  version "19.2.46"
  resolved "https://registry.yarnpkg.com/@syncfusion/ej2-react-calendars/-/ej2-react-calendars-19.2.46.tgz#4e29d25288f32c1914891c7b9ee2372d558c8436"
  integrity sha512-SXItddKypN99zqA8EYeTOybJqMah9ibNUyuUEBIUdLPgT4aF5LefPtU7Vu5RCkMcb1/xj8UvBRalpFvLhXbM3g==
  dependencies:
    "@syncfusion/ej2-base" "~19.2.44"
    "@syncfusion/ej2-calendars" "19.2.46"
    "@syncfusion/ej2-react-base" "~19.2.44"

"@syncfusion/ej2-splitbuttons@~19.2.44":
  version "19.2.44"
  resolved "https://registry.yarnpkg.com/@syncfusion/ej2-splitbuttons/-/ej2-splitbuttons-19.2.44.tgz#9f04dd3b7bfa6daf3cad97c2d39407b163afbb08"
  integrity sha512-NPzyezW1WaGp1jp/ISVwKnmFEx7ZXYI4Dlkismei05ixHehHc3Gl9wvhbfu207mxrgYY380M7YF7XTB6FEjTpQ==
  dependencies:
    "@syncfusion/ej2-base" "~19.2.44"
    "@syncfusion/ej2-popups" "~19.2.44"

axios@^0.21.1:
  version "0.21.1"
  resolved "https://registry.yarnpkg.com/axios/-/axios-0.21.1.tgz#22563481962f4d6bde9a76d516ef0e5d3c09b2b8"
  integrity sha512-dKQiRHxGD9PPRIUNIWvZhPTPpl1rf/OxTYKsqKUDjBwYylTvV7SjSHJb9ratfyzM6wCdLCOYLzs73qpg5c4iGA==
  dependencies:
    follow-redirects "^1.10.0"

classnames@^2.2.6:
  version "2.3.1"
  resolved "https://registry.yarnpkg.com/classnames/-/classnames-2.3.1.tgz#dfcfa3891e306ec1dad105d0e88f4417b8535e8e"
  integrity sha512-OlQdbZ7gLfGarSqxesMesDa5uz7KFbID8Kpq/SxIoNGDqY8lSYs0D+hhtBXhcdB3rcbXArFr7vlHheLk1voeNA==

date-fns@^2.0.1:
  version "2.22.1"
  resolved "https://registry.yarnpkg.com/date-fns/-/date-fns-2.22.1.tgz#1e5af959831ebb1d82992bf67b765052d8f0efc4"
  integrity sha512-yUFPQjrxEmIsMqlHhAhmxkuH769baF21Kk+nZwZGyrMoyLA+LugaQtC0+Tqf9CBUUULWwUJt6Q5ySI3LJDDCGg==

follow-redirects@^1.10.0:
  version "1.14.1"
  resolved "https://registry.yarnpkg.com/follow-redirects/-/follow-redirects-1.14.1.tgz#d9114ded0a1cfdd334e164e6662ad02bfd91ff43"
  integrity sha512-HWqDgT7ZEkqRzBvc2s64vSZ/hfOceEol3ac/7tKwzuvEyWx3/4UegXh5oBOIotkGsObyk3xznnSRVADBgWSQVg==

"js-tokens@^3.0.0 || ^4.0.0":
  version "4.0.0"
  resolved "https://registry.yarnpkg.com/js-tokens/-/js-tokens-4.0.0.tgz#19203fb59991df98e3a287050d4647cdeaf32499"
  integrity sha512-RdJUflcE3cUzKiMqQgsCu06FPu9UdIJO0beYbPhHN4k6apgJtifcoCtT9bcxOpYBtpD2kCM6Sbzg4CausW/PKQ==

loose-envify@^1.0.0, loose-envify@^1.4.0:
  version "1.4.0"
  resolved "https://registry.yarnpkg.com/loose-envify/-/loose-envify-1.4.0.tgz#71ee51fa7be4caec1a63839f7e682d8132d30caf"
  integrity sha512-lyuxPGr/Wfhrlem2CL/UcnUc1zcqKAImBDzukY7Y5F/yQiNdko6+fRLevlw1HgMySw7f611UIY408EtxRSoK3Q==
  dependencies:
    js-tokens "^3.0.0 || ^4.0.0"

object-assign@^4.1.1:
  version "4.1.1"
  resolved "https://registry.yarnpkg.com/object-assign/-/object-assign-4.1.1.tgz#2109adc7965887cfc05cbbd442cac8bfbb360863"
  integrity sha1-IQmtx5ZYh8/AXLvUQsrIv7s2CGM=

prop-types@^15.7.2:
  version "15.7.2"
  resolved "https://registry.yarnpkg.com/prop-types/-/prop-types-15.7.2.tgz#52c41e75b8c87e72b9d9360e0206b99dcbffa6c5"
  integrity sha512-8QQikdH7//R2vurIJSutZ1smHYTcLpRWEOlHnzcWHmBYrOGUysKwSsrC89BCiFj3CbrfJ/nXFdJepOVrY1GCHQ==
  dependencies:
    loose-envify "^1.4.0"
    object-assign "^4.1.1"
    react-is "^16.8.1"

react-datepicker@^4.1.1:
  version "4.1.1"
  resolved "https://registry.yarnpkg.com/react-datepicker/-/react-datepicker-4.1.1.tgz#5ecef49c672b2250fca26327c988464e6ba52b62"
  integrity sha512-vtZIA7MbUrffRw1CHiyOGtmTO/tTdZGr5BYaiRucHMTb6rCqA8TkaQhzX6tTwMwP8vV38Khv4UWohrJbiX1rMw==
  dependencies:
    "@popperjs/core" "^2.9.2"
    classnames "^2.2.6"
    date-fns "^2.0.1"
    prop-types "^15.7.2"
    react-onclickoutside "^6.10.0"
    react-popper "^2.2.5"

react-fast-compare@^3.0.1:
  version "3.2.0"
  resolved "https://registry.yarnpkg.com/react-fast-compare/-/react-fast-compare-3.2.0.tgz#641a9da81b6a6320f270e89724fb45a0b39e43bb"
  integrity sha512-rtGImPZ0YyLrscKI9xTpV8psd6I8VAtjKCzQDlzyDvqJA8XOW78TXYQwNRNd8g8JZnDu8q9Fu/1v4HPAVwVdHA==

react-is@^16.8.1:
  version "16.13.1"
  resolved "https://registry.yarnpkg.com/react-is/-/react-is-16.13.1.tgz#789729a4dc36de2999dc156dd6c1d9c18cea56a4"
  integrity sha512-24e6ynE2H+OKt4kqsOvNd8kBpV65zoxbA4BVsEOB3ARVWQki/DHzaUoC5KuON/BiccDaCCTZBuOcfZs70kR8bQ==

react-onclickoutside@^6.10.0:
  version "6.11.2"
  resolved "https://registry.yarnpkg.com/react-onclickoutside/-/react-onclickoutside-6.11.2.tgz#790e2100b9a3589eefca1404ecbf0476b81b7928"
  integrity sha512-640486eSwU/t5iD6yeTlefma8dI3bxPXD93hM9JGKyYITAd0P1JFkkcDeyHZRqNpY/fv1YW0Fad9BXr44OY8wQ==

react-popper@^2.2.5:
  version "2.2.5"
  resolved "https://registry.yarnpkg.com/react-popper/-/react-popper-2.2.5.tgz#1214ef3cec86330a171671a4fbcbeeb65ee58e96"
  integrity sha512-kxGkS80eQGtLl18+uig1UIf9MKixFSyPxglsgLBxlYnyDf65BiY9B3nZSc6C9XUNDgStROB0fMQlTEz1KxGddw==
  dependencies:
    react-fast-compare "^3.0.1"
    warning "^4.0.2"

warning@^4.0.2:
  version "4.0.3"
  resolved "https://registry.yarnpkg.com/warning/-/warning-4.0.3.tgz#16e9e077eb8a86d6af7d64aa1e05fd85b4678ca3"
  integrity sha512-rpJyN222KWIvHJ/F53XSZv0Zl/accqHR8et1kpaMTD/fLCRxtV8iX8czMzY7sVZupTI3zcUTg8eycS2kNF9l6w==
  dependencies:
    loose-envify "^1.0.0"
